
Microsoft Visual Studio Solution File, Format Version 12.00
# Visual Studio Version 17
VisualStudioVersion = 17.5.002.0
MinimumVisualStudioVersion = 10.0.40219.1
Project("{2150E333-8FDC-42A3-9474-1A3956D46DE8}") = "BuildingBlocks", "BuildingBlocks", "{891B1C69-DA89-4F55-9824-FE4520A7CA48}"
EndProject
Project("{9A19103F-16F7-4668-BE54-9A1E7A4F7556}") = "BuildingBlocks", "BuildingBlocks\BuildingBlocks\BuildingBlocks.csproj", "{A4913DB7-B6F6-45B9-97E8-FD6AB09DC243}"
EndProject
Project("{2150E333-8FDC-42A3-9474-1A3956D46DE8}") = "Services", "Services", "{353CE9EB-3698-426D-AFBB-E3FF7DABE724}"
EndProject
Project("{9A19103F-16F7-4668-BE54-9A1E7A4F7556}") = "Discount.Grpc", "Services\Discount.Grpc\Discount.Grpc.csproj", "{6678FB4A-9912-42BC-8016-B74A52930B89}"
EndProject
Project("{9A19103F-16F7-4668-BE54-9A1E7A4F7556}") = "Basket.API", "Services\Basket.API\Basket.API.csproj", "{057B5CBC-2265-44B7-9036-E0DD108EFF06}"
EndProject
Project("{9A19103F-16F7-4668-BE54-9A1E7A4F7556}") = "Catalog.API", "Services\Catalog.API\Catalog.API.csproj", "{9F9A3B64-974A-4DF8-B358-22A3657FB771}"
EndProject
Project("{2150E333-8FDC-42A3-9474-1A3956D46DE8}") = "Ordering", "Ordering", "{AA1828DB-56D0-4116-BF64-688627E61C99}"
EndProject
Project("{9A19103F-16F7-4668-BE54-9A1E7A4F7556}") = "Ordering.Application", "Services\Ordering\Ordering.Application\Ordering.Application.csproj", "{3F637B37-A60C-4B0F-9658-B07EA16B5512}"
EndProject
Project("{9A19103F-16F7-4668-BE54-9A1E7A4F7556}") = "Ordering.Domain", "Services\Ordering\Ordering.Domain\Ordering.Domain.csproj", "{47EC03A7-1018-449C-AEF4-59291D0CB7A3}"
EndProject
Project("{9A19103F-16F7-4668-BE54-9A1E7A4F7556}") = "Ordering.Infrastructure", "Services\Ordering\Ordering.Infrastructure\Ordering.Infrastructure.csproj", "{5B8EE704-5D1D-4296-AD71-FCA8B371CFA2}"
EndProject
Project("{9A19103F-16F7-4668-BE54-9A1E7A4F7556}") = "Ordering.API", "Services\Ordering\Ordering.API\Ordering.API.csproj", "{07A6B52C-6960-4918-A599-8E10D0CFD6B5}"
EndProject
Global
	GlobalSection(SolutionConfigurationPlatforms) = preSolution
		Debug|Any CPU = Debug|Any CPU
		Release|Any CPU = Release|Any CPU
	EndGlobalSection
	GlobalSection(ProjectConfigurationPlatforms) = postSolution
		{A4913DB7-B6F6-45B9-97E8-FD6AB09DC243}.Debug|Any CPU.ActiveCfg = Debug|Any CPU
		{A4913DB7-B6F6-45B9-97E8-FD6AB09DC243}.Debug|Any CPU.Build.0 = Debug|Any CPU
		{A4913DB7-B6F6-45B9-97E8-FD6AB09DC243}.Release|Any CPU.ActiveCfg = Release|Any CPU
		{A4913DB7-B6F6-45B9-97E8-FD6AB09DC243}.Release|Any CPU.Build.0 = Release|Any CPU
		{6678FB4A-9912-42BC-8016-B74A52930B89}.Debug|Any CPU.ActiveCfg = Debug|Any CPU
		{6678FB4A-9912-42BC-8016-B74A52930B89}.Debug|Any CPU.Build.0 = Debug|Any CPU
		{6678FB4A-9912-42BC-8016-B74A52930B89}.Release|Any CPU.ActiveCfg = Release|Any CPU
		{6678FB4A-9912-42BC-8016-B74A52930B89}.Release|Any CPU.Build.0 = Release|Any CPU
		{057B5CBC-2265-44B7-9036-E0DD108EFF06}.Debug|Any CPU.ActiveCfg = Debug|Any CPU
		{057B5CBC-2265-44B7-9036-E0DD108EFF06}.Debug|Any CPU.Build.0 = Debug|Any CPU
		{057B5CBC-2265-44B7-9036-E0DD108EFF06}.Release|Any CPU.ActiveCfg = Release|Any CPU
		{057B5CBC-2265-44B7-9036-E0DD108EFF06}.Release|Any CPU.Build.0 = Release|Any CPU
		{9F9A3B64-974A-4DF8-B358-22A3657FB771}.Debug|Any CPU.ActiveCfg = Debug|Any CPU
		{9F9A3B64-974A-4DF8-B358-22A3657FB771}.Debug|Any CPU.Build.0 = Debug|Any CPU
		{9F9A3B64-974A-4DF8-B358-22A3657FB771}.Release|Any CPU.ActiveCfg = Release|Any CPU
		{9F9A3B64-974A-4DF8-B358-22A3657FB771}.Release|Any CPU.Build.0 = Release|Any CPU
		{3F637B37-A60C-4B0F-9658-B07EA16B5512}.Debug|Any CPU.ActiveCfg = Debug|Any CPU
		{3F637B37-A60C-4B0F-9658-B07EA16B5512}.Debug|Any CPU.Build.0 = Debug|Any CPU
		{3F637B37-A60C-4B0F-9658-B07EA16B5512}.Release|Any CPU.ActiveCfg = Release|Any CPU
		{3F637B37-A60C-4B0F-9658-B07EA16B5512}.Release|Any CPU.Build.0 = Release|Any CPU
		{47EC03A7-1018-449C-AEF4-59291D0CB7A3}.Debug|Any CPU.ActiveCfg = Debug|Any CPU
		{47EC03A7-1018-449C-AEF4-59291D0CB7A3}.Debug|Any CPU.Build.0 = Debug|Any CPU
		{47EC03A7-1018-449C-AEF4-59291D0CB7A3}.Release|Any CPU.ActiveCfg = Release|Any CPU
		{47EC03A7-1018-449C-AEF4-59291D0CB7A3}.Release|Any CPU.Build.0 = Release|Any CPU
		{5B8EE704-5D1D-4296-AD71-FCA8B371CFA2}.Debug|Any CPU.ActiveCfg = Debug|Any CPU
		{5B8EE704-5D1D-4296-AD71-FCA8B371CFA2}.Debug|Any CPU.Build.0 = Debug|Any CPU
		{5B8EE704-5D1D-4296-AD71-FCA8B371CFA2}.Release|Any CPU.ActiveCfg = Release|Any CPU
		{5B8EE704-5D1D-4296-AD71-FCA8B371CFA2}.Release|Any CPU.Build.0 = Release|Any CPU
		{07A6B52C-6960-4918-A599-8E10D0CFD6B5}.Debug|Any CPU.ActiveCfg = Debug|Any CPU
		{07A6B52C-6960-4918-A599-8E10D0CFD6B5}.Debug|Any CPU.Build.0 = Debug|Any CPU
		{07A6B52C-6960-4918-A599-8E10D0CFD6B5}.Release|Any CPU.ActiveCfg = Release|Any CPU
		{07A6B52C-6960-4918-A599-8E10D0CFD6B5}.Release|Any CPU.Build.0 = Release|Any CPU
	EndGlobalSection
	GlobalSection(SolutionProperties) = preSolution
		HideSolutionNode = FALSE
	EndGlobalSection
	GlobalSection(NestedProjects) = preSolution
		{A4913DB7-B6F6-45B9-97E8-FD6AB09DC243} = {891B1C69-DA89-4F55-9824-FE4520A7CA48}
		{6678FB4A-9912-42BC-8016-B74A52930B89} = {353CE9EB-3698-426D-AFBB-E3FF7DABE724}
		{057B5CBC-2265-44B7-9036-E0DD108EFF06} = {353CE9EB-3698-426D-AFBB-E3FF7DABE724}
		{9F9A3B64-974A-4DF8-B358-22A3657FB771} = {353CE9EB-3698-426D-AFBB-E3FF7DABE724}
		{AA1828DB-56D0-4116-BF64-688627E61C99} = {353CE9EB-3698-426D-AFBB-E3FF7DABE724}
		{3F637B37-A60C-4B0F-9658-B07EA16B5512} = {AA1828DB-56D0-4116-BF64-688627E61C99}
		{47EC03A7-1018-449C-AEF4-59291D0CB7A3} = {AA1828DB-56D0-4116-BF64-688627E61C99}
		{5B8EE704-5D1D-4296-AD71-FCA8B371CFA2} = {AA1828DB-56D0-4116-BF64-688627E61C99}
		{07A6B52C-6960-4918-A599-8E10D0CFD6B5} = {AA1828DB-56D0-4116-BF64-688627E61C99}
	EndGlobalSection
	GlobalSection(ExtensibilityGlobals) = postSolution
		SolutionGuid = {EE068138-7189-4E7B-ACD6-174940207BAC}
	EndGlobalSection
EndGlobal
