
Microsoft Visual Studio Solution File, Format Version 12.00
# Visual Studio Version 17
VisualStudioVersion = 17.5.002.0
MinimumVisualStudioVersion = 10.0.40219.1
Project("{2150E333-8FDC-42A3-9474-1A3956D46DE8}") = "BuildingBlocks", "BuildingBlocks", "{7B410399-FF81-4CFB-9CA0-7E49BAA1480D}"
EndProject
Project("{9A19103F-16F7-4668-BE54-9A1E7A4F7556}") = "BuildingBlocks", "BuildingBlocks\BuildingBlocks\BuildingBlocks.csproj", "{5FCD617E-A355-4D3F-A5FE-F85DC37744BF}"
EndProject
Project("{2150E333-8FDC-42A3-9474-1A3956D46DE8}") = "Services", "Services", "{2AD8C935-E354-4C4A-9734-7CC4EF04DA9C}"
EndProject
Project("{9A19103F-16F7-4668-BE54-9A1E7A4F7556}") = "Basket.API", "Services\Basket.API\Basket.API.csproj", "{63A9EA41-6010-43E2-A3DD-0ADE9D4142D3}"
EndProject
Project("{9A19103F-16F7-4668-BE54-9A1E7A4F7556}") = "Catalog.API", "Services\Catalog.API\Catalog.API.csproj", "{8612514C-86DF-4736-A5A0-E8510EC86FFF}"
EndProject
Global
	GlobalSection(SolutionConfigurationPlatforms) = preSolution
		Debug|Any CPU = Debug|Any CPU
		Release|Any CPU = Release|Any CPU
	EndGlobalSection
	GlobalSection(ProjectConfigurationPlatforms) = postSolution
		{5FCD617E-A355-4D3F-A5FE-F85DC37744BF}.Debug|Any CPU.ActiveCfg = Debug|Any CPU
		{5FCD617E-A355-4D3F-A5FE-F85DC37744BF}.Debug|Any CPU.Build.0 = Debug|Any CPU
		{5FCD617E-A355-4D3F-A5FE-F85DC37744BF}.Release|Any CPU.ActiveCfg = Release|Any CPU
		{5FCD617E-A355-4D3F-A5FE-F85DC37744BF}.Release|Any CPU.Build.0 = Release|Any CPU
		{63A9EA41-6010-43E2-A3DD-0ADE9D4142D3}.Debug|Any CPU.ActiveCfg = Debug|Any CPU
		{63A9EA41-6010-43E2-A3DD-0ADE9D4142D3}.Debug|Any CPU.Build.0 = Debug|Any CPU
		{63A9EA41-6010-43E2-A3DD-0ADE9D4142D3}.Release|Any CPU.ActiveCfg = Release|Any CPU
		{63A9EA41-6010-43E2-A3DD-0ADE9D4142D3}.Release|Any CPU.Build.0 = Release|Any CPU
		{8612514C-86DF-4736-A5A0-E8510EC86FFF}.Debug|Any CPU.ActiveCfg = Debug|Any CPU
		{8612514C-86DF-4736-A5A0-E8510EC86FFF}.Debug|Any CPU.Build.0 = Debug|Any CPU
		{8612514C-86DF-4736-A5A0-E8510EC86FFF}.Release|Any CPU.ActiveCfg = Release|Any CPU
		{8612514C-86DF-4736-A5A0-E8510EC86FFF}.Release|Any CPU.Build.0 = Release|Any CPU
	EndGlobalSection
	GlobalSection(SolutionProperties) = preSolution
		HideSolutionNode = FALSE
	EndGlobalSection
	GlobalSection(NestedProjects) = preSolution
		{5FCD617E-A355-4D3F-A5FE-F85DC37744BF} = {7B410399-FF81-4CFB-9CA0-7E49BAA1480D}
		{63A9EA41-6010-43E2-A3DD-0ADE9D4142D3} = {2AD8C935-E354-4C4A-9734-7CC4EF04DA9C}
		{8612514C-86DF-4736-A5A0-E8510EC86FFF} = {2AD8C935-E354-4C4A-9734-7CC4EF04DA9C}
	EndGlobalSection
	GlobalSection(ExtensibilityGlobals) = postSolution
		SolutionGuid = {E9B01A44-75A7-4BA9-A04D-546DA29E9245}
	EndGlobalSection
EndGlobal
